
Microsoft Visual Studio Solution File, Format Version 12.00
# Visual Studio Version 16
VisualStudioVersion = 16.0.30907.101
MinimumVisualStudioVersion = 10.0.40219.1
Project("{FAE04EC0-301F-11D3-BF4B-00C04F79EFBC}") = "Assignment2", "Assignment2\Assignment2.csproj", "{365130C0-EE11-4EC1-A1A6-B7A5D93648BA}"
EndProject
Global
	GlobalSection(SolutionConfigurationPlatforms) = preSolution
		Debug|Any CPU = Debug|Any CPU
		Release|Any CPU = Release|Any CPU
	EndGlobalSection
	GlobalSection(ProjectConfigurationPlatforms) = postSolution
		{365130C0-EE11-4EC1-A1A6-B7A5D93648BA}.Debug|Any CPU.ActiveCfg = Debug|Any CPU
		{365130C0-EE11-4EC1-A1A6-B7A5D93648BA}.Debug|Any CPU.Build.0 = Debug|Any CPU
		{365130C0-EE11-4EC1-A1A6-B7A5D93648BA}.Release|Any CPU.ActiveCfg = Release|Any CPU
		{365130C0-EE11-4EC1-A1A6-B7A5D93648BA}.Release|Any CPU.Build.0 = Release|Any CPU
	EndGlobalSection
	GlobalSection(SolutionProperties) = preSolution
		HideSolutionNode = FALSE
	EndGlobalSection
	GlobalSection(ExtensibilityGlobals) = postSolution
		SolutionGuid = {6C38B857-0088-44ED-9110-5C4AC15BE8CF}
	EndGlobalSection
EndGlobal
